cloud.google.com/go/auth v0.18.1 h1:IwTEx92GFUo2pJ6Qea0EU3zYvKnTAeRCODxfA/G5UWs=
cloud.google.com/go/auth v0.18.1/go.mod h1:GfTYoS9G3CWpRA3Va9doKN9mjPGRS+v41jmZAhBzbrA=
cloud.google.com/go/auth/oauth2adapt v0.2.8 h1:keo8NaayQZ6wimpNSmW5OPc283g65QNIiLpZnkHRbnc=
cloud.google.com/go/auth/oauth2adapt v0.2.8/go.mod h1:XQ9y31RkqZCcwJWNSx2Xvric3RrU88hAYYbjDWYDL+c=
cloud.google.com/go/compute/metadata v0.9.0 h1:pDUj4QMoPejqq20dK0Pg2N4yG9zIkYGdBtwLoEkH9Zs=
cloud.google.com/go/compute/metadata v0.9.0/go.mod h1:E0bWwX5wTnLPedCKqk3pJmVgCBSM6qQI1yTBdEb3C10=
github.com/bwmarrin/dgvoice v0.0.0-20210225172318-caaac756e02e h1:IdfGDWLNL/ZAHda33oiKnkoaWWsQ6vyO+MDslrcJ43M=
github.com/bwmarrin/dgvoice v0.0.0-20210225172318-caaac756e02e/go.mod h1:DT3heoMAQGrOExZ3Rb3TBOQ4Bm+wD4H48KFnt1YfLoQ=
github.com/bwmarrin/discordgo v0.29.0 h1:FmWeXFaKUwrcL3Cx65c20bTRW+vOb6k8AnaP+EgjDno=
github.com/bwmarrin/discordgo v0.29.0/go.mod h1:NJZpH+1AfhIcyQsPeuBKsUtYrRnjkyu0kIVMCHkZtRY=
github.com/cespare/xxhash/v2 v2.3.0 h1:UL815xU9SqsFlibzuggzjXhog7bL6oX9BbNZnL2UFvs=
github.com/cespare/xxhash/v2 v2.3.0/go.mod h1:VGX0DQ3Q6kWi7AoAeZDth3/j3BFtOZR5XLFGgcrjCOs=
github.com/darui3018823/discordgo v0.29.0-patched h1:gzD5bI4WuI1Ub+1hvVqNVYuyf7ZtEnBW1F3YFXJi77E=
github.com/darui3018823/discordgo v0.29.0-patched/go.mod h1:bu2ZYWkEYYYCSJAyA4/KkI1uRWQjwYbNsWu+Xd4yP/c=
github.com/diamondburned/arikawa/v3 v3.6.0 h1:8sno6tO9F1TEkg1ChHfjuVX41a+uv3opcfWeNvbuhV4=
github.com/diamondburned/arikawa/v3 v3.6.0/go.mod h1:thocAM2X8lRDHuEZR5vWYaT4w+tb/vOKa1qm+r0gs5A=
github.com/felixge/httpsnoop v1.0.4 h1:NFTV2Zj1bL4mc9sqWACXbQFVBBg2W3GPvqp8/ESS2Wg=
github.com/felixge/httpsnoop v1.0.4/go.mod h1:m8KPJKqk1gH5J9DgRY2ASl2lWCfGKXixSwevea8zH2U=
github.com/go-logr/logr v1.2.2/go.mod h1:jdQByPbusPIv2/zmleS9BjJVeZ6kBagPoEUsqbVz/1A=
github.com/go-logr/logr v1.4.3 h1:CjnDlHq8ikf6E492q6eKboGOC0T8CDaOvkHCIg8idEI=
github.com/go-logr/logr v1.4.3/go.mod h1:9T104GzyrTigFIr8wt5mBrctHMim0Nb2HLGrmQ40KvY=
github.com/go-logr/stdr v1.2.2 h1:hSWxHoqTgW2S2qGc0LTAI563KZ5YKYRhT3MFKZMbjag=
github.com/go-logr/stdr v1.2.2/go.mod h1:mMo/vtBO5dYbehREoey6XUKy/eSumjCCveDpRre4VKE=
github.com/google/s2a-go v0.1.9 h1:LGD7gtMgezd8a/Xak7mEWL0PjoTQFvpRudN895yqKW0=
github.com/google/s2a-go v0.1.9/go.mod h1:YA0Ei2ZQL3acow2O62kdp9UlnvMmU7kA6Eutn0dXayM=
github.com/google/uuid v1.6.0 h1:NIvaJDMOsjHA8n1jAhLSgzrAzy1Hgr+hNrb57e+94F0=
github.com/google/uuid v1.6.0/go.mod h1:TIyPZe4MgqvfeYDBFedMoGGpEw/LqOeaOT+nhxU+yHo=
github.com/googleapis/enterprise-certificate-proxy v0.3.11 h1:vAe81Msw+8tKUxi2Dqh/NZMz7475yUvmRIkXr4oN2ao=
github.com/googleapis/enterprise-certificate-proxy v0.3.11/go.mod h1:RFV7MUdlb7AgEq2v7FmMCfeSMCllAzWxFgRdusoGks8=
github.com/googleapis/gax-go/v2 v2.17.0 h1:RksgfBpxqff0EZkDWYuz9q/uWsTVz+kf43LsZ1J6SMc=
github.com/googleapis/gax-go/v2 v2.17.0/go.mod h1:mzaqghpQp4JDh3HvADwrat+6M3MOIDp5YKHhb9PAgDY=
github.com/gorilla/schema v1.4.1 h1:jUg5hUjCSDZpNGLuXQOgIWGdlgrIdYvgQ0wZtdK1M3E=
github.com/gorilla/schema v1.4.1/go.mod h1:Dg5SSm5PV60mhF2NFaTV1xuYYj8tV8NOPRo4FggUMnM=
github.com/gorilla/websocket v1.4.2/go.mod h1:YR8l580nyteQvAITg2hZ9XVh4b55+EU/adAjf1fMHhE=
github.com/gorilla/websocket v1.5.3 h1:saDtZ6Pbx/0u+bgYQ3q96pZgCzfhKXGPqt7kZ72aNNg=
github.com/gorilla/websocket v1.5.3/go.mod h1:YR8l580nyteQvAITg2hZ9XVh4b55+EU/adAjf1fMHhE=
github.com/joho/godotenv v1.5.1 h1:7eLL/+HRGLY0ldzfGMeQkb7vMd0as4CfYvUVzLqw0N0=
github.com/joho/godotenv v1.5.1/go.mod h1:f4LDr5Voq0i2e/R5DDNOoa2zzDfwtkZa6DnEwAbqwq4=
github.com/zrdimetc/gopus152 v0.0.0-20250419171437-6bec3b0dbec9 h1:ZeR8zyoc21tcXYZHZg9apjdXs7N+nzTkQvEGdfNpO6w=
github.com/zrdimetc/gopus152 v0.0.0-20250419171437-6bec3b0dbec9/go.mod h1:CX5XH6R/BVdbUnzXFMrc6JEYEd1VWS48sYghjpQt3kc=
go.opentelemetry.io/auto/sdk v1.2.1 h1:jXsnJ4Lmnqd11kwkBV2LgLoFMZKizbCi5fNZ/ipaZ64=
go.opentelemetry.io/auto/sdk v1.2.1/go.mod h1:KRTj+aOaElaLi+wW1kO/DZRXwkF4C5xPbEe3ZiIhN7Y=
go.opentelemetry.io/contrib/instrumentation/net/http/otelhttp v0.61.0 h1:F7Jx+6hwnZ41NSFTO5q4LYDtJRXBf2PD0rNBkeB/lus=
go.opentelemetry.io/contrib/instrumentation/net/http/otelhttp v0.61.0/go.mod h1:UHB22Z8QsdRDrnAtX4PntOl36ajSxcdUMt1sF7Y6E7Q=
go.opentelemetry.io/otel v1.39.0 h1:8yPrr/S0ND9QEfTfdP9V+SiwT4E0G7Y5MO7p85nis48=
go.opentelemetry.io/otel v1.39.0/go.mod h1:kLlFTywNWrFyEdH0oj2xK0bFYZtHRYUdv1NklR/tgc8=
go.opentelemetry.io/otel/metric v1.39.0 h1:d1UzonvEZriVfpNKEVmHXbdf909uGTOQjA0HF0Ls5Q0=
go.opentelemetry.io/otel/metric v1.39.0/go.mod h1:jrZSWL33sD7bBxg1xjrqyDjnuzTUB0x1nBERXd7Ftcs=
go.opentelemetry.io/otel/trace v1.39.0 h1:2d2vfpEDmCJ5zVYz7ijaJdOF59xLomrvj7bjt6/qCJI=
go.opentelemetry.io/otel/trace v1.39.0/go.mod h1:88w4/PnZSazkGzz/w84VHpQafiU4EtqqlVdxWy+rNOA=
golang.org/x/crypto v0.0.0-20210421170649-83a5a9bb288b/go.mod h1:T9bdIzuCu7OtxOm1hfPfRQxPLYneinmdGuTeoZ9dtd4=
golang.org/x/crypto v0.48.0 h1:/VRzVqiRSggnhY7gNRxPauEQ5Drw9haKdM0jqfcCFts=
golang.org/x/crypto v0.48.0/go.mod h1:r0kV5h3qnFPlQnBSrULhlsRfryS2pmewsg+XfMgkVos=
golang.org/x/net v0.0.0-20210226172049-e18ecbb05110/go.mod h1:m0MpNAwzfU5UDzcl9v0D8zg8gWTRqZa9RBIspLL5mdg=
golang.org/x/net v0.49.0 h1:eeHFmOGUTtaaPSGNmjBKpbng9MulQsJURQUAfUwY++o=
golang.org/x/net v0.49.0/go.mod h1:/ysNB2EvaqvesRkuLAyjI1ycPZlQHM3q01F02UY/MV8=
golang.org/x/oauth2 v0.35.0 h1:Mv2mzuHuZuY2+bkyWXIHMfhNdJAdwW3FuWeCPYN5GVQ=
golang.org/x/oauth2 v0.35.0/go.mod h1:lzm5WQJQwKZ3nwavOZ3IS5Aulzxi68dUSgRHujetwEA=
golang.org/x/sys v0.0.0-20201119102817-f84b799fce68/go.mod h1:h1NjWce9XRLGQEsW7wpKNCjG9DtNlClVuFLEZdDNbEs=
golang.org/x/sys v0.41.0 h1:Ivj+2Cp/ylzLiEU89QhWblYnOE9zerudt9Ftecq2C6k=
golang.org/x/sys v0.41.0/go.mod h1:OgkHotnGiDImocRcuBABYBEXf8A9a87e/uXjp9XT3ks=
golang.org/x/term v0.0.0-20201126162022-7de9c90e9dd1/go.mod h1:bj7SfCRtBDWHUb9snDiAeCFNEtKQo2Wmx5Cou7ajbmo=
golang.org/x/text v0.3.3/go.mod h1:5Zoc/QRtKVWzQhOtBMvqHzDpF6irO9z98xDceosuGiQ=
golang.org/x/text v0.34.0 h1:oL/Qq0Kdaqxa1KbNeMKwQq0reLCCaFtqu2eNuSeNHbk=
golang.org/x/text v0.34.0/go.mod h1:homfLqTYRFyVYemLBFl5GgL/DWEiH5wcsQ5gSh1yziA=
golang.org/x/time v0.10.0 h1:3usCWA8tQn0L8+hFJQNgzpWbd89begxN66o1Ojdn5L4=
golang.org/x/time v0.10.0/go.mod h1:3BpzKBy/shNhVucY/MWOyx10tF3SFh9QdLuxbVysPQM=
golang.org/x/time v0.14.0 h1:MRx4UaLrDotUKUdCIqzPC48t1Y9hANFKIRpNx+Te8PI=
golang.org/x/time v0.14.0/go.mod h1:eL/Oa2bBBK0TkX57Fyni+NgnyQQN4LitPmob2Hjnqw4=
golang.org/x/tools v0.0.0-20180917221912-90fa682c2a6e/go.mod h1:n7NCudcB/nEzxVGmLbDWY5pfWTLqBcC2KZ6jyYvM4mQ=
google.golang.org/api v0.267.0 h1:w+vfWPMPYeRs8qH1aYYsFX68jMls5acWl/jocfLomwE=
google.golang.org/api v0.267.0/go.mod h1:Jzc0+ZfLnyvXma3UtaTl023TdhZu6OMBP9tJ+0EmFD0=
google.golang.org/genproto/googleapis/rpc v0.0.0-20260203192932-546029d2fa20 h1:Jr5R2J6F6qWyzINc+4AM8t5pfUz6beZpHp678GNrMbE=
google.golang.org/genproto/googleapis/rpc v0.0.0-20260203192932-546029d2fa20/go.mod h1:j9x/tPzZkyxcgEFkiKEEGxfvyumM01BEtsW8xzOahRQ=
google.golang.org/grpc v1.78.0 h1:K1XZG/yGDJnzMdd/uZHAkVqJE+xIDOcmdSFZkBUicNc=
google.golang.org/grpc v1.78.0/go.mod h1:I47qjTo4OKbMkjA/aOOwxDIiPSBofUtQUI5EfpWvW7U=
google.golang.org/protobuf v1.36.11 h1:fV6ZwhNocDyBLK0dj+fg8ektcVegBBuEolpbTQyBNVE=
google.golang.org/protobuf v1.36.11/go.mod h1:HTf+CrKn2C3g5S8VImy6tdcUvCska2kB7j23XfzDpco=
layeh.com/gopus v0.0.0-20210501142526-1ee02d434e32 h1:/S1gOotFo2sADAIdSGk1sDq1VxetoCWr6f5nxOG0dpY=
layeh.com/gopus v0.0.0-20210501142526-1ee02d434e32/go.mod h1:yDtyzWZDFCVnva8NGtg38eH2Ns4J0D/6hD+MMeUGdF0=
